
Microsoft Visual Studio Solution File, Format Version 12.00
# Visual Studio 15
Project("{FAE04EC0-301F-11D3-BF4B-00C04F79EFBC}") = "Assembly-CSharp-Editor", "Assembly-CSharp-Editor.csproj", "{0100AC91-2352-CFC8-C459-5E57B0451733}"
EndProject
Project("{FAE04EC0-301F-11D3-BF4B-00C04F79EFBC}") = "Assembly-CSharp", "Assembly-CSharp.csproj", "{A0B5C04A-DFCD-58B2-B4E1-9638D83FC57B}"
EndProject
Global
	GlobalSection(SolutionConfigurationPlatforms) = preSolution
		Debug|Any CPU = Debug|Any CPU
		Release|Any CPU = Release|Any CPU
	EndGlobalSection
	GlobalSection(ProjectConfigurationPlatforms) = postSolution
		{0100AC91-2352-CFC8-C459-5E57B0451733}.Debug|Any CPU.ActiveCfg = Debug|Any CPU
		{0100AC91-2352-CFC8-C459-5E57B0451733}.Debug|Any CPU.Build.0 = Debug|Any CPU
		{0100AC91-2352-CFC8-C459-5E57B0451733}.Release|Any CPU.ActiveCfg = Release|Any CPU
		{0100AC91-2352-CFC8-C459-5E57B0451733}.Release|Any CPU.Build.0 = Release|Any CPU
		{A0B5C04A-DFCD-58B2-B4E1-9638D83FC57B}.Debug|Any CPU.ActiveCfg = Debug|Any CPU
		{A0B5C04A-DFCD-58B2-B4E1-9638D83FC57B}.Debug|Any CPU.Build.0 = Debug|Any CPU
		{A0B5C04A-DFCD-58B2-B4E1-9638D83FC57B}.Release|Any CPU.ActiveCfg = Release|Any CPU
		{A0B5C04A-DFCD-58B2-B4E1-9638D83FC57B}.Release|Any CPU.Build.0 = Release|Any CPU
	EndGlobalSection
	GlobalSection(SolutionProperties) = preSolution
		HideSolutionNode = FALSE
	EndGlobalSection
EndGlobal
